{
  "requires": true,
  "lockfileVersion": 1,
  "dependencies": {
    "jquery": {
      "version": "3.4.1",
      "resolved": "https://registry.npmjs.org/jquery/-/jquery-3.4.1.tgz",
      "integrity": "sha512-36+AdBzCL+y6qjw5Tx7HgzeGCzC81MDDgaUP8ld2zhx58HdqXGoBd+tHdrBMiyjGQs0Hxs/MLZTu/eHNJJuWPw=="
    },
    "survey-jquery": {
      "version": "1.1.33",
      "resolved": "https://registry.npmjs.org/survey-jquery/-/survey-jquery-1.1.33.tgz",
      "integrity": "sha512-5bZWwBUJ5O4R1AWqqimBqVkZurjg4dozoyLWBRn/OcA+M6MZ/9KM7/+vygAyk0nDQP3KrRdZxLcqqtjpzxkp7g==",
      "requires": {
        "jquery": ">=1.12.4"
      }
    }
  }
}
